
Microsoft Visual Studio Solution File, Format Version 12.00
Project("{FAE04EC0-301F-11D3-BF4B-00C04F79EFBC}") = "BonFires", "BonFires.csproj", "{A8FE4DE1-1927-4A63-B782-003383A9958B}"
EndProject
Global
	GlobalSection(SolutionConfigurationPlatforms) = preSolution
		Debug|Any CPU = Debug|Any CPU
		Release|Any CPU = Release|Any CPU
	EndGlobalSection
	GlobalSection(ProjectConfigurationPlatforms) = postSolution
		{A8FE4DE1-1927-4A63-B782-003383A9958B}.Debug|Any CPU.ActiveCfg = Debug|Any CPU
		{A8FE4DE1-1927-4A63-B782-003383A9958B}.Debug|Any CPU.Build.0 = Debug|Any CPU
		{A8FE4DE1-1927-4A63-B782-003383A9958B}.Release|Any CPU.ActiveCfg = Release|Any CPU
		{A8FE4DE1-1927-4A63-B782-003383A9958B}.Release|Any CPU.Build.0 = Release|Any CPU
	EndGlobalSection
EndGlobal
